
Microsoft Visual Studio Solution File, Format Version 12.00
# Visual Studio Version 17
VisualStudioVersion = 17.2.32630.192
MinimumVisualStudioVersion = 10.0.40219.1
Project("{FAE04EC0-301F-11D3-BF4B-00C04F79EFBC}") = "WindowsFormsApp1", "WindowsFormsApp1\WindowsFormsApp1.csproj", "{516BA074-CA18-4D19-B085-C89B952AA519}"
EndProject
Global
	GlobalSection(SolutionConfigurationPlatforms) = preSolution
		Debug|Any CPU = Debug|Any CPU
		Release|Any CPU = Release|Any CPU
	EndGlobalSection
	GlobalSection(ProjectConfigurationPlatforms) = postSolution
		{516BA074-CA18-4D19-B085-C89B952AA519}.Debug|Any CPU.ActiveCfg = Debug|Any CPU
		{516BA074-CA18-4D19-B085-C89B952AA519}.Debug|Any CPU.Build.0 = Debug|Any CPU
		{516BA074-CA18-4D19-B085-C89B952AA519}.Release|Any CPU.ActiveCfg = Release|Any CPU
		{516BA074-CA18-4D19-B085-C89B952AA519}.Release|Any CPU.Build.0 = Release|Any CPU
	EndGlobalSection
	GlobalSection(SolutionProperties) = preSolution
		HideSolutionNode = FALSE
	EndGlobalSection
	GlobalSection(ExtensibilityGlobals) = postSolution
		SolutionGuid = {2BE1D3F4-6CF9-446E-88ED-4FB1F651271E}
	EndGlobalSection
EndGlobal
